
Microsoft Visual Studio Solution File, Format Version 12.00
# Visual Studio 14
VisualStudioVersion = 14.0.22803.0
MinimumVisualStudioVersion = 10.0.40219.1
Project("{9092AA53-FB77-4645-B42D-1CCCA6BD08BD}") = "ImageBoardNodeProj", "ImageBoardNodeProj.njsproj", "{ABEAE01D-CED1-4453-9533-6F0EBB26B1A3}"
EndProject
Global
	GlobalSection(SolutionConfigurationPlatforms) = preSolution
		Debug|Any CPU = Debug|Any CPU
		Release|Any CPU = Release|Any CPU
	EndGlobalSection
	GlobalSection(ProjectConfigurationPlatforms) = postSolution
		{ABEAE01D-CED1-4453-9533-6F0EBB26B1A3}.Debug|Any CPU.ActiveCfg = Debug|Any CPU
		{ABEAE01D-CED1-4453-9533-6F0EBB26B1A3}.Debug|Any CPU.Build.0 = Debug|Any CPU
		{ABEAE01D-CED1-4453-9533-6F0EBB26B1A3}.Release|Any CPU.ActiveCfg = Release|Any CPU
		{ABEAE01D-CED1-4453-9533-6F0EBB26B1A3}.Release|Any CPU.Build.0 = Release|Any CPU
	EndGlobalSection
	GlobalSection(SolutionProperties) = preSolution
		HideSolutionNode = FALSE
	EndGlobalSection
EndGlobal
